
Microsoft Visual Studio Solution File, Format Version 12.00
# Visual Studio Version 16
VisualStudioVersion = 16.0.30413.136
MinimumVisualStudioVersion = 15.0.26124.0
Project("{9A19103F-16F7-4668-BE54-9A1E7A4F7556}") = "HorrorVue.Data", "HorrorVue.Data\HorrorVue.Data.csproj", "{ED186D56-12A2-4F28-A86A-2928E80323DD}"
EndProject
Project("{9A19103F-16F7-4668-BE54-9A1E7A4F7556}") = "HorrorVue.Services", "HorrorVue.Services\HorrorVue.Services.csproj", "{4A15C450-C5E9-4B76-BCE0-94A78AFC17B5}"
EndProject
Project("{9A19103F-16F7-4668-BE54-9A1E7A4F7556}") = "HorrorVue.Test", "HorrorVue.Test\HorrorVue.Test.csproj", "{FCE1AF9D-D3C9-4A3D-8626-2E9AFEEC9399}"
EndProject
Project("{9A19103F-16F7-4668-BE54-9A1E7A4F7556}") = "HorrorVue.Web", "HorrorVue.Web\HorrorVue.Web.csproj", "{A8C507EA-268D-4472-8D12-6AF66A84C622}"
EndProject
Global
	GlobalSection(SolutionConfigurationPlatforms) = preSolution
		Debug|Any CPU = Debug|Any CPU
		Debug|x64 = Debug|x64
		Debug|x86 = Debug|x86
		Release|Any CPU = Release|Any CPU
		Release|x64 = Release|x64
		Release|x86 = Release|x86
	EndGlobalSection
	GlobalSection(ProjectConfigurationPlatforms) = postSolution
		{ED186D56-12A2-4F28-A86A-2928E80323DD}.Debug|Any CPU.ActiveCfg = Debug|Any CPU
		{ED186D56-12A2-4F28-A86A-2928E80323DD}.Debug|Any CPU.Build.0 = Debug|Any CPU
		{ED186D56-12A2-4F28-A86A-2928E80323DD}.Debug|x64.ActiveCfg = Debug|Any CPU
		{ED186D56-12A2-4F28-A86A-2928E80323DD}.Debug|x64.Build.0 = Debug|Any CPU
		{ED186D56-12A2-4F28-A86A-2928E80323DD}.Debug|x86.ActiveCfg = Debug|Any CPU
		{ED186D56-12A2-4F28-A86A-2928E80323DD}.Debug|x86.Build.0 = Debug|Any CPU
		{ED186D56-12A2-4F28-A86A-2928E80323DD}.Release|Any CPU.ActiveCfg = Release|Any CPU
		{ED186D56-12A2-4F28-A86A-2928E80323DD}.Release|Any CPU.Build.0 = Release|Any CPU
		{ED186D56-12A2-4F28-A86A-2928E80323DD}.Release|x64.ActiveCfg = Release|Any CPU
		{ED186D56-12A2-4F28-A86A-2928E80323DD}.Release|x64.Build.0 = Release|Any CPU
		{ED186D56-12A2-4F28-A86A-2928E80323DD}.Release|x86.ActiveCfg = Release|Any CPU
		{ED186D56-12A2-4F28-A86A-2928E80323DD}.Release|x86.Build.0 = Release|Any CPU
		{4A15C450-C5E9-4B76-BCE0-94A78AFC17B5}.Debug|Any CPU.ActiveCfg = Debug|Any CPU
		{4A15C450-C5E9-4B76-BCE0-94A78AFC17B5}.Debug|Any CPU.Build.0 = Debug|Any CPU
		{4A15C450-C5E9-4B76-BCE0-94A78AFC17B5}.Debug|x64.ActiveCfg = Debug|Any CPU
		{4A15C450-C5E9-4B76-BCE0-94A78AFC17B5}.Debug|x64.Build.0 = Debug|Any CPU
		{4A15C450-C5E9-4B76-BCE0-94A78AFC17B5}.Debug|x86.ActiveCfg = Debug|Any CPU
		{4A15C450-C5E9-4B76-BCE0-94A78AFC17B5}.Debug|x86.Build.0 = Debug|Any CPU
		{4A15C450-C5E9-4B76-BCE0-94A78AFC17B5}.Release|Any CPU.ActiveCfg = Release|Any CPU
		{4A15C450-C5E9-4B76-BCE0-94A78AFC17B5}.Release|Any CPU.Build.0 = Release|Any CPU
		{4A15C450-C5E9-4B76-BCE0-94A78AFC17B5}.Release|x64.ActiveCfg = Release|Any CPU
		{4A15C450-C5E9-4B76-BCE0-94A78AFC17B5}.Release|x64.Build.0 = Release|Any CPU
		{4A15C450-C5E9-4B76-BCE0-94A78AFC17B5}.Release|x86.ActiveCfg = Release|Any CPU
		{4A15C450-C5E9-4B76-BCE0-94A78AFC17B5}.Release|x86.Build.0 = Release|Any CPU
		{FCE1AF9D-D3C9-4A3D-8626-2E9AFEEC9399}.Debug|Any CPU.ActiveCfg = Debug|Any CPU
		{FCE1AF9D-D3C9-4A3D-8626-2E9AFEEC9399}.Debug|Any CPU.Build.0 = Debug|Any CPU
		{FCE1AF9D-D3C9-4A3D-8626-2E9AFEEC9399}.Debug|x64.ActiveCfg = Debug|Any CPU
		{FCE1AF9D-D3C9-4A3D-8626-2E9AFEEC9399}.Debug|x64.Build.0 = Debug|Any CPU
		{FCE1AF9D-D3C9-4A3D-8626-2E9AFEEC9399}.Debug|x86.ActiveCfg = Debug|Any CPU
		{FCE1AF9D-D3C9-4A3D-8626-2E9AFEEC9399}.Debug|x86.Build.0 = Debug|Any CPU
		{FCE1AF9D-D3C9-4A3D-8626-2E9AFEEC9399}.Release|Any CPU.ActiveCfg = Release|Any CPU
		{FCE1AF9D-D3C9-4A3D-8626-2E9AFEEC9399}.Release|Any CPU.Build.0 = Release|Any CPU
		{FCE1AF9D-D3C9-4A3D-8626-2E9AFEEC9399}.Release|x64.ActiveCfg = Release|Any CPU
		{FCE1AF9D-D3C9-4A3D-8626-2E9AFEEC9399}.Release|x64.Build.0 = Release|Any CPU
		{FCE1AF9D-D3C9-4A3D-8626-2E9AFEEC9399}.Release|x86.ActiveCfg = Release|Any CPU
		{FCE1AF9D-D3C9-4A3D-8626-2E9AFEEC9399}.Release|x86.Build.0 = Release|Any CPU
		{A8C507EA-268D-4472-8D12-6AF66A84C622}.Debug|Any CPU.ActiveCfg = Debug|Any CPU
		{A8C507EA-268D-4472-8D12-6AF66A84C622}.Debug|Any CPU.Build.0 = Debug|Any CPU
		{A8C507EA-268D-4472-8D12-6AF66A84C622}.Debug|x64.ActiveCfg = Debug|Any CPU
		{A8C507EA-268D-4472-8D12-6AF66A84C622}.Debug|x64.Build.0 = Debug|Any CPU
		{A8C507EA-268D-4472-8D12-6AF66A84C622}.Debug|x86.ActiveCfg = Debug|Any CPU
		{A8C507EA-268D-4472-8D12-6AF66A84C622}.Debug|x86.Build.0 = Debug|Any CPU
		{A8C507EA-268D-4472-8D12-6AF66A84C622}.Release|Any CPU.ActiveCfg = Release|Any CPU
		{A8C507EA-268D-4472-8D12-6AF66A84C622}.Release|Any CPU.Build.0 = Release|Any CPU
		{A8C507EA-268D-4472-8D12-6AF66A84C622}.Release|x64.ActiveCfg = Release|Any CPU
		{A8C507EA-268D-4472-8D12-6AF66A84C622}.Release|x64.Build.0 = Release|Any CPU
		{A8C507EA-268D-4472-8D12-6AF66A84C622}.Release|x86.ActiveCfg = Release|Any CPU
		{A8C507EA-268D-4472-8D12-6AF66A84C622}.Release|x86.Build.0 = Release|Any CPU
	EndGlobalSection
	GlobalSection(SolutionProperties) = preSolution
		HideSolutionNode = FALSE
	EndGlobalSection
	GlobalSection(ExtensibilityGlobals) = postSolution
		SolutionGuid = {A0F8B808-5B9C-4CFB-90A4-1FAC4809CCF5}
	EndGlobalSection
EndGlobal
